// !$*UTF8*$!
{
	archiveVersion = 1;
	classes = {
	};
	objectVersion = 56;
	objects = {

/* Begin PBXBuildFile section */
		563664CF2A88D748007B0281 /* EducationView.swift in Sources */ = {isa = PBXBuildFile; fileRef = 563664CE2A88D748007B0281 /* EducationView.swift */; };
		5646FE0B2A838E480043E037 /* TaxView.swift in Sources */ = {isa = PBXBuildFile; fileRef = 5646FE0A2A838E480043E037 /* TaxView.swift */; };
		564894F72A83C17D00A64F96 /* TabBarView.swift in Sources */ = {isa = PBXBuildFile; fileRef = 564894F62A83C17D00A64F96 /* TabBarView.swift */; };
		564894F92A83C36100A64F96 /* DashboardTab.swift in Sources */ = {isa = PBXBuildFile; fileRef = 564894F82A83C36100A64F96 /* DashboardTab.swift */; };
		564894FB2A83C38800A64F96 /* InsightsTab.swift in Sources */ = {isa = PBXBuildFile; fileRef = 564894FA2A83C38800A64F96 /* InsightsTab.swift */; };
		564894FD2A83C39400A64F96 /* ProfileTab.swift in Sources */ = {isa = PBXBuildFile; fileRef = 564894FC2A83C39400A64F96 /* ProfileTab.swift */; };
		564895002A83FEFA00A64F96 /* SwiftUICharts in Frameworks */ = {isa = PBXBuildFile; productRef = 564894FF2A83FEFA00A64F96 /* SwiftUICharts */; };
		564895022A8606DD00A64F96 /* AddExpense.swift in Sources */ = {isa = PBXBuildFile; fileRef = 564895012A8606DD00A64F96 /* AddExpense.swift */; };
		564895222A87DFD900A64F96 /* SplashScreenView.swift in Sources */ = {isa = PBXBuildFile; fileRef = 564895212A87DFD900A64F96 /* SplashScreenView.swift */; };
		56A7E4A82A82613100424962 /* FrugalFlowApp.swift in Sources */ = {isa = PBXBuildFile; fileRef = 56A7E4A72A82613100424962 /* FrugalFlowApp.swift */; };
		56A7E4AA2A82613100424962 /* OnBoardOne.swift in Sources */ = {isa = PBXBuildFile; fileRef = 56A7E4A92A82613100424962 /* OnBoardOne.swift */; };
		56A7E4AC2A82613300424962 /* Assets.xcassets in Resources */ = {isa = PBXBuildFile; fileRef = 56A7E4AB2A82613300424962 /* Assets.xcassets */; };
		56A7E4AF2A82613300424962 /* Preview Assets.xcassets in Resources */ = {isa = PBXBuildFile; fileRef = 56A7E4AE2A82613300424962 /* Preview Assets.xcassets */; };
		56A7E4B82A82A1BC00424962 /* OnBoardTwo.swift in Sources */ = {isa = PBXBuildFile; fileRef = 56A7E4B72A82A1BC00424962 /* OnBoardTwo.swift */; };
		56A7E4BA2A82A55700424962 /* OnBoardThree.swift in Sources */ = {isa = PBXBuildFile; fileRef = 56A7E4B92A82A55700424962 /* OnBoardThree.swift */; };
/* End PBXBuildFile section */

/* Begin PBXFileReference section */
		563664CE2A88D748007B0281 /* EducationView.swift */ = {isa = PBXFileReference; lastKnownFileType = sourcecode.swift; path = EducationView.swift; sourceTree = "<group>"; };
		5646FE0A2A838E480043E037 /* TaxView.swift */ = {isa = PBXFileReference; lastKnownFileType = sourcecode.swift; path = TaxView.swift; sourceTree = "<group>"; };
		564894F62A83C17D00A64F96 /* TabBarView.swift */ = {isa = PBXFileReference; lastKnownFileType = sourcecode.swift; path = TabBarView.swift; sourceTree = "<group>"; };
		564894F82A83C36100A64F96 /* DashboardTab.swift */ = {isa = PBXFileReference; lastKnownFileType = sourcecode.swift; path = DashboardTab.swift; sourceTree = "<group>"; };
		564894FA2A83C38800A64F96 /* InsightsTab.swift */ = {isa = PBXFileReference; lastKnownFileType = sourcecode.swift; path = InsightsTab.swift; sourceTree = "<group>"; };
		564894FC2A83C39400A64F96 /* ProfileTab.swift */ = {isa = PBXFileReference; lastKnownFileType = sourcecode.swift; path = ProfileTab.swift; sourceTree = "<group>"; };
		564895012A8606DD00A64F96 /* AddExpense.swift */ = {isa = PBXFileReference; lastKnownFileType = sourcecode.swift; path = AddExpense.swift; sourceTree = "<group>"; };
		564895212A87DFD900A64F96 /* SplashScreenView.swift */ = {isa = PBXFileReference; lastKnownFileType = sourcecode.swift; path = SplashScreenView.swift; sourceTree = "<group>"; };
		56A7E4A42A82613000424962 /* FrugalFlow.app */ = {isa = PBXFileReference; explicitFileType = wrapper.application; includeInIndex = 0; path = FrugalFlow.app; sourceTree = BUILT_PRODUCTS_DIR; };
		56A7E4A72A82613100424962 /* FrugalFlowApp.swift */ = {isa = PBXFileReference; lastKnownFileType = sourcecode.swift; path = FrugalFlowApp.swift; sourceTree = "<group>"; };
		56A7E4A92A82613100424962 /* OnBoardOne.swift */ = {isa = PBXFileReference; lastKnownFileType = sourcecode.swift; path = OnBoardOne.swift; sourceTree = "<group>"; };
		56A7E4AB2A82613300424962 /* Assets.xcassets */ = {isa = PBXFileReference; lastKnownFileType = folder.assetcatalog; path = Assets.xcassets; sourceTree = "<group>"; };
		56A7E4AE2A82613300424962 /* Preview Assets.xcassets */ = {isa = PBXFileReference; lastKnownFileType = folder.assetcatalog; path = "Preview Assets.xcassets"; sourceTree = "<group>"; };
		56A7E4B72A82A1BC00424962 /* OnBoardTwo.swift */ = {isa = PBXFileReference; lastKnownFileType = sourcecode.swift; path = OnBoardTwo.swift; sourceTree = "<group>"; };
		56A7E4B92A82A55700424962 /* OnBoardThree.swift */ = {isa = PBXFileReference; lastKnownFileType = sourcecode.swift; path = OnBoardThree.swift; sourceTree = "<group>"; };
/* End PBXFileReference section */

/* Begin PBXFrameworksBuildPhase section */
		56A7E4A12A82613000424962 /* Frameworks */ = {
			isa = PBXFrameworksBuildPhase;
			buildActionMask = 2147483647;
			files = (
				564895002A83FEFA00A64F96 /* SwiftUICharts in Frameworks */,
			);
			runOnlyForDeploymentPostprocessing = 0;
		};
/* End PBXFrameworksBuildPhase section */

/* Begin PBXGroup section */
		56A7E49B2A82613000424962 = {
			isa = PBXGroup;
			children = (
				56A7E4A62A82613000424962 /* FrugalFlow */,
				56A7E4A52A82613000424962 /* Products */,
			);
			sourceTree = "<group>";
		};
		56A7E4A52A82613000424962 /* Products */ = {
			isa = PBXGroup;
			children = (
				56A7E4A42A82613000424962 /* FrugalFlow.app */,
			);
			name = Products;
			sourceTree = "<group>";
		};
		56A7E4A62A82613000424962 /* FrugalFlow */ = {
			isa = PBXGroup;
			children = (
				56A7E4A72A82613100424962 /* FrugalFlowApp.swift */,
				564895212A87DFD900A64F96 /* SplashScreenView.swift */,
				56A7E4A92A82613100424962 /* OnBoardOne.swift */,
				56A7E4B72A82A1BC00424962 /* OnBoardTwo.swift */,
				56A7E4B92A82A55700424962 /* OnBoardThree.swift */,
				5646FE0A2A838E480043E037 /* TaxView.swift */,
				564894F62A83C17D00A64F96 /* TabBarView.swift */,
				564894F82A83C36100A64F96 /* DashboardTab.swift */,
				564895012A8606DD00A64F96 /* AddExpense.swift */,
				564894FA2A83C38800A64F96 /* InsightsTab.swift */,
				563664CE2A88D748007B0281 /* EducationView.swift */,
				564894FC2A83C39400A64F96 /* ProfileTab.swift */,
				56A7E4AB2A82613300424962 /* Assets.xcassets */,
				56A7E4AD2A82613300424962 /* Preview Content */,
			);
			path = FrugalFlow;
			sourceTree = "<group>";
		};
		56A7E4AD2A82613300424962 /* Preview Content */ = {
			isa = PBXGroup;
			children = (
				56A7E4AE2A82613300424962 /* Preview Assets.xcassets */,
			);
			path = "Preview Content";
			sourceTree = "<group>";
		};
/* End PBXGroup section */

/* Begin PBXNativeTarget section */
		56A7E4A32A82613000424962 /* FrugalFlow */ = {
			isa = PBXNativeTarget;
			buildConfigurationList = 56A7E4B22A82613300424962 /* Build configuration list for PBXNativeTarget "FrugalFlow" */;
			buildPhases = (
				56A7E4A02A82613000424962 /* Sources */,
				56A7E4A12A82613000424962 /* Frameworks */,
				56A7E4A22A82613000424962 /* Resources */,
			);
			buildRules = (
			);
			dependencies = (
			);
			name = FrugalFlow;
			packageProductDependencies = (
				564894FF2A83FEFA00A64F96 /* SwiftUICharts */,
			);
			productName = FrugalFlow;
			productReference = 56A7E4A42A82613000424962 /* FrugalFlow.app */;
			productType = "com.apple.product-type.application";
		};
/* End PBXNativeTarget section */

/* Begin PBXProject section */
		56A7E49C2A82613000424962 /* Project object */ = {
			isa = PBXProject;
			attributes = {
				BuildIndependentTargetsInParallel = 1;
				LastSwiftUpdateCheck = 1430;
				LastUpgradeCheck = 1430;
				TargetAttributes = {
					56A7E4A32A82613000424962 = {
						CreatedOnToolsVersion = 14.3.1;
					};
				};
			};
			buildConfigurationList = 56A7E49F2A82613000424962 /* Build configuration list for PBXProject "FrugalFlow" */;
			compatibilityVersion = "Xcode 14.0";
			developmentRegion = en;
			hasScannedForEncodings = 0;
			knownRegions = (
				en,
				Base,
			);
			mainGroup = 56A7E49B2A82613000424962;
			packageReferences = (
				564894FE2A83FEFA00A64F96 /* XCRemoteSwiftPackageReference "ChartView" */,
			);
			productRefGroup = 56A7E4A52A82613000424962 /* Products */;
			projectDirPath = "";
			projectRoot = "";
			targets = (
				56A7E4A32A82613000424962 /* FrugalFlow */,
			);
		};
/* End PBXProject section */

/* Begin PBXResourcesBuildPhase section */
		56A7E4A22A82613000424962 /* Resources */ = {
			isa = PBXResourcesBuildPhase;
			buildActionMask = 2147483647;
			files = (
				56A7E4AF2A82613300424962 /* Preview Assets.xcassets in Resources */,
				56A7E4AC2A82613300424962 /* Assets.xcassets in Resources */,
			);
			runOnlyForDeploymentPostprocessing = 0;
		};
/* End PBXResourcesBuildPhase section */

/* Begin PBXSourcesBuildPhase section */
		56A7E4A02A82613000424962 /* Sources */ = {
			isa = PBXSourcesBuildPhase;
			buildActionMask = 2147483647;
			files = (
				564895022A8606DD00A64F96 /* AddExpense.swift in Sources */,
				5646FE0B2A838E480043E037 /* TaxView.swift in Sources */,
				56A7E4AA2A82613100424962 /* OnBoardOne.swift in Sources */,
				564894F92A83C36100A64F96 /* DashboardTab.swift in Sources */,
				564895222A87DFD900A64F96 /* SplashScreenView.swift in Sources */,
				56A7E4B82A82A1BC00424962 /* OnBoardTwo.swift in Sources */,
				564894FB2A83C38800A64F96 /* InsightsTab.swift in Sources */,
				56A7E4BA2A82A55700424962 /* OnBoardThree.swift in Sources */,
				564894FD2A83C39400A64F96 /* ProfileTab.swift in Sources */,
				563664CF2A88D748007B0281 /* EducationView.swift in Sources */,
				564894F72A83C17D00A64F96 /* TabBarView.swift in Sources */,
				56A7E4A82A82613100424962 /* FrugalFlowApp.swift in Sources */,
			);
			runOnlyForDeploymentPostprocessing = 0;
		};
/* End PBXSourcesBuildPhase section */

/* Begin XCBuildConfiguration section */
		56A7E4B02A82613300424962 /* Debug */ = {
			isa = XCBuildConfiguration;
			buildSettings = {
				ALWAYS_SEARCH_USER_PATHS = NO;
				CLANG_ANALYZER_NONNULL = YES;
				CLANG_ANALYZER_NUMBER_OBJECT_CONVERSION = YES_AGGRESSIVE;
				CLANG_CXX_LANGUAGE_STANDARD = "gnu++20";
				CLANG_ENABLE_MODULES = YES;
				CLANG_ENABLE_OBJC_ARC = YES;
				CLANG_ENABLE_OBJC_WEAK = YES;
				CLANG_WARN_BLOCK_CAPTURE_AUTORELEASING = YES;
				CLANG_WARN_BOOL_CONVERSION = YES;
				CLANG_WARN_COMMA = YES;
				CLANG_WARN_CONSTANT_CONVERSION = YES;
				CLANG_WARN_DEPRECATED_OBJC_IMPLEMENTATIONS = YES;
				CLANG_WARN_DIRECT_OBJC_ISA_USAGE = YES_ERROR;
				CLANG_WARN_DOCUMENTATION_COMMENTS = YES;
				CLANG_WARN_EMPTY_BODY = YES;
				CLANG_WARN_ENUM_CONVERSION = YES;
				CLANG_WARN_INFINITE_RECURSION = YES;
				CLANG_WARN_INT_CONVERSION = YES;
				CLANG_WARN_NON_LITERAL_NULL_CONVERSION = YES;
				CLANG_WARN_OBJC_IMPLICIT_RETAIN_SELF = YES;
				CLANG_WARN_OBJC_LITERAL_CONVERSION = YES;
				CLANG_WARN_OBJC_ROOT_CLASS = YES_ERROR;
				CLANG_WARN_QUOTED_INCLUDE_IN_FRAMEWORK_HEADER = YES;
				CLANG_WARN_RANGE_LOOP_ANALYSIS = YES;
				CLANG_WARN_STRICT_PROTOTYPES = YES;
				CLANG_WARN_SUSPICIOUS_MOVE = YES;
				CLANG_WARN_UNGUARDED_AVAILABILITY = YES_AGGRESSIVE;
				CLANG_WARN_UNREACHABLE_CODE = YES;
				CLANG_WARN__DUPLICATE_METHOD_MATCH = YES;
				COPY_PHASE_STRIP = NO;
				DEBUG_INFORMATION_FORMAT = dwarf;
				ENABLE_STRICT_OBJC_MSGSEND = YES;
				ENABLE_TESTABILITY = YES;
				GCC_C_LANGUAGE_STANDARD = gnu11;
				GCC_DYNAMIC_NO_PIC = NO;
				GCC_NO_COMMON_BLOCKS = YES;
				GCC_OPTIMIZATION_LEVEL = 0;
				GCC_PREPROCESSOR_DEFINITIONS = (
					"DEBUG=1",
					"$(inherited)",
				);
				GCC_WARN_64_TO_32_BIT_CONVERSION = YES;
				GCC_WARN_ABOUT_RETURN_TYPE = YES_ERROR;
				GCC_WARN_UNDECLARED_SELECTOR = YES;
				GCC_WARN_UNINITIALIZED_AUTOS = YES_AGGRESSIVE;
				GCC_WARN_UNUSED_FUNCTION = YES;
				GCC_WARN_UNUSED_VARIABLE = YES;
				IPHONEOS_DEPLOYMENT_TARGET = 16.4;
				MTL_ENABLE_DEBUG_INFO = INCLUDE_SOURCE;
				MTL_FAST_MATH = YES;
				ONLY_ACTIVE_ARCH = YES;
				SDKROOT = iphoneos;
				SWIFT_ACTIVE_COMPILATION_CONDITIONS = DEBUG;
				SWIFT_OPTIMIZATION_LEVEL = "-Onone";
			};
			name = Debug;
		};
		56A7E4B12A82613300424962 /* Release */ = {
			isa = XCBuildConfiguration;
			buildSettings = {
				ALWAYS_SEARCH_USER_PATHS = NO;
				CLANG_ANALYZER_NONNULL = YES;
				CLANG_ANALYZER_NUMBER_OBJECT_CONVERSION = YES_AGGRESSIVE;
				CLANG_CXX_LANGUAGE_STANDARD = "gnu++20";
				CLANG_ENABLE_MODULES = YES;
				CLANG_ENABLE_OBJC_ARC = YES;
				CLANG_ENABLE_OBJC_WEAK = YES;
				CLANG_WARN_BLOCK_CAPTURE_AUTORELEASING = YES;
				CLANG_WARN_BOOL_CONVERSION = YES;
				CLANG_WARN_COMMA = YES;
				CLANG_WARN_CONSTANT_CONVERSION = YES;
				CLANG_WARN_DEPRECATED_OBJC_IMPLEMENTATIONS = YES;
				CLANG_WARN_DIRECT_OBJC_ISA_USAGE = YES_ERROR;
				CLANG_WARN_DOCUMENTATION_COMMENTS = YES;
				CLANG_WARN_EMPTY_BODY = YES;
				CLANG_WARN_ENUM_CONVERSION = YES;
				CLANG_WARN_INFINITE_RECURSION = YES;
				CLANG_WARN_INT_CONVERSION = YES;
				CLANG_WARN_NON_LITERAL_NULL_CONVERSION = YES;
				CLANG_WARN_OBJC_IMPLICIT_RETAIN_SELF = YES;
				CLANG_WARN_OBJC_LITERAL_CONVERSION = YES;
				CLANG_WARN_OBJC_ROOT_CLASS = YES_ERROR;
				CLANG_WARN_QUOTED_INCLUDE_IN_FRAMEWORK_HEADER = YES;
				CLANG_WARN_RANGE_LOOP_ANALYSIS = YES;
				CLANG_WARN_STRICT_PROTOTYPES = YES;
				CLANG_WARN_SUSPICIOUS_MOVE = YES;
				CLANG_WARN_UNGUARDED_AVAILABILITY = YES_AGGRESSIVE;
				CLANG_WARN_UNREACHABLE_CODE = YES;
				CLANG_WARN__DUPLICATE_METHOD_MATCH = YES;
				COPY_PHASE_STRIP = NO;
				DEBUG_INFORMATION_FORMAT = "dwarf-with-dsym";
				ENABLE_NS_ASSERTIONS = NO;
				ENABLE_STRICT_OBJC_MSGSEND = YES;
				GCC_C_LANGUAGE_STANDARD = gnu11;
				GCC_NO_COMMON_BLOCKS = YES;
				GCC_WARN_64_TO_32_BIT_CONVERSION = YES;
				GCC_WARN_ABOUT_RETURN_TYPE = YES_ERROR;
				GCC_WARN_UNDECLARED_SELECTOR = YES;
				GCC_WARN_UNINITIALIZED_AUTOS = YES_AGGRESSIVE;
				GCC_WARN_UNUSED_FUNCTION = YES;
				GCC_WARN_UNUSED_VARIABLE = YES;
				IPHONEOS_DEPLOYMENT_TARGET = 16.4;
				MTL_ENABLE_DEBUG_INFO = NO;
				MTL_FAST_MATH = YES;
				SDKROOT = iphoneos;
				SWIFT_COMPILATION_MODE = wholemodule;
				SWIFT_OPTIMIZATION_LEVEL = "-O";
				VALIDATE_PRODUCT = YES;
			};
			name = Release;
		};
		56A7E4B32A82613300424962 /* Debug */ = {
			isa = XCBuildConfiguration;
			buildSettings = {
				ASSETCATALOG_COMPILER_APPICON_NAME = AppIcon;
				ASSETCATALOG_COMPILER_GLOBAL_ACCENT_COLOR_NAME = AccentColor;
				CODE_SIGN_STYLE = Automatic;
				CURRENT_PROJECT_VERSION = 1;
				DEVELOPMENT_ASSET_PATHS = "\"FrugalFlow/Preview Content\"";
				DEVELOPMENT_TEAM = 337LX9AUG5;
				ENABLE_PREVIEWS = YES;
				GENERATE_INFOPLIST_FILE = YES;
				INFOPLIST_KEY_UIApplicationSceneManifest_Generation = YES;
				INFOPLIST_KEY_UIApplicationSupportsIndirectInputEvents = YES;
				INFOPLIST_KEY_UILaunchScreen_Generation = YES;
				INFOPLIST_KEY_UISupportedInterfaceOrientations_iPad = "UIInterfaceOrientationPortrait UIInterfaceOrientationPortraitUpsideDown UIInterfaceOrientationLandscapeLeft UIInterfaceOrientationLandscapeRight";
				INFOPLIST_KEY_UISupportedInterfaceOrientations_iPhone = "UIInterfaceOrientationPortrait UIInterfaceOrientationLandscapeLeft UIInterfaceOrientationLandscapeRight";
				LD_RUNPATH_SEARCH_PATHS = (
					"$(inherited)",
					"@executable_path/Frameworks",
				);
				MARKETING_VERSION = 1.0;
				PRODUCT_BUNDLE_IDENTIFIER = com.harsha.FrugalFlow;
				PRODUCT_NAME = "$(TARGET_NAME)";
				SWIFT_EMIT_LOC_STRINGS = YES;
				SWIFT_VERSION = 5.0;
				TARGETED_DEVICE_FAMILY = "1,2";
			};
			name = Debug;
		};
		56A7E4B42A82613300424962 /* Release */ = {
			isa = XCBuildConfiguration;
			buildSettings = {
				ASSETCATALOG_COMPILER_APPICON_NAME = AppIcon;
				ASSETCATALOG_COMPILER_GLOBAL_ACCENT_COLOR_NAME = AccentColor;
				CODE_SIGN_STYLE = Automatic;
				CURRENT_PROJECT_VERSION = 1;
				DEVELOPMENT_ASSET_PATHS = "\"FrugalFlow/Preview Content\"";
				DEVELOPMENT_TEAM = 337LX9AUG5;
				ENABLE_PREVIEWS = YES;
				GENERATE_INFOPLIST_FILE = YES;
				INFOPLIST_KEY_UIApplicationSceneManifest_Generation = YES;
				INFOPLIST_KEY_UIApplicationSupportsIndirectInputEvents = YES;
				INFOPLIST_KEY_UILaunchScreen_Generation = YES;
				INFOPLIST_KEY_UISupportedInterfaceOrientations_iPad = "UIInterfaceOrientationPortrait UIInterfaceOrientationPortraitUpsideDown UIInterfaceOrientationLandscapeLeft UIInterfaceOrientationLandscapeRight";
				INFOPLIST_KEY_UISupportedInterfaceOrientations_iPhone = "UIInterfaceOrientationPortrait UIInterfaceOrientationLandscapeLeft UIInterfaceOrientationLandscapeRight";
				LD_RUNPATH_SEARCH_PATHS = (
					"$(inherited)",
					"@executable_path/Frameworks",
				);
				MARKETING_VERSION = 1.0;
				PRODUCT_BUNDLE_IDENTIFIER = com.harsha.FrugalFlow;
				PRODUCT_NAME = "$(TARGET_NAME)";
				SWIFT_EMIT_LOC_STRINGS = YES;
				SWIFT_VERSION = 5.0;
				TARGETED_DEVICE_FAMILY = "1,2";
			};
			name = Release;
		};
/* End XCBuildConfiguration section */

/* Begin XCConfigurationList section */
		56A7E49F2A82613000424962 /* Build configuration list for PBXProject "FrugalFlow" */ = {
			isa = XCConfigurationList;
			buildConfigurations = (
				56A7E4B02A82613300424962 /* Debug */,
				56A7E4B12A82613300424962 /* Release */,
			);
			defaultConfigurationIsVisible = 0;
			defaultConfigurationName = Release;
		};
		56A7E4B22A82613300424962 /* Build configuration list for PBXNativeTarget "FrugalFlow" */ = {
			isa = XCConfigurationList;
			buildConfigurations = (
				56A7E4B32A82613300424962 /* Debug */,
				56A7E4B42A82613300424962 /* Release */,
			);
			defaultConfigurationIsVisible = 0;
			defaultConfigurationName = Release;
		};
/* End XCConfigurationList section */

/* Begin XCRemoteSwiftPackageReference section */
		564894FE2A83FEFA00A64F96 /* XCRemoteSwiftPackageReference "ChartView" */ = {
			isa = XCRemoteSwiftPackageReference;
			repositoryURL = "https://github.com/AppPear/ChartView.git";
			requirement = {
				kind = exactVersion;
				version = 1.5.5;
			};
		};
/* End XCRemoteSwiftPackageReference section */

/* Begin XCSwiftPackageProductDependency section */
		564894FF2A83FEFA00A64F96 /* SwiftUICharts */ = {
			isa = XCSwiftPackageProductDependency;
			package = 564894FE2A83FEFA00A64F96 /* XCRemoteSwiftPackageReference "ChartView" */;
			productName = SwiftUICharts;
		};
/* End XCSwiftPackageProductDependency section */
	};
	rootObject = 56A7E49C2A82613000424962 /* Project object */;
}
